
Microsoft Visual Studio Solution File, Format Version 12.00
# Visual Studio 15
VisualStudioVersion = 15.0.26228.4
MinimumVisualStudioVersion = 10.0.40219.1
Project("{FAE04EC0-301F-11D3-BF4B-00C04F79EFBC}") = "YvrCrimeData_Web", "YvrCrimeData_Web\YvrCrimeData_Web.csproj", "{33FD4823-2536-4A79-8569-487817AC4C52}"
EndProject
Project("{FAE04EC0-301F-11D3-BF4B-00C04F79EFBC}") = "YvrCrimeData_Web.Tests", "YvrCrimeData_Web.Tests\YvrCrimeData_Web.Tests.csproj", "{3F750230-9009-4369-8657-3CA959B3EFD6}"
EndProject
Global
	GlobalSection(SolutionConfigurationPlatforms) = preSolution
		Debug|Any CPU = Debug|Any CPU
		Release|Any CPU = Release|Any CPU
	EndGlobalSection
	GlobalSection(ProjectConfigurationPlatforms) = postSolution
		{33FD4823-2536-4A79-8569-487817AC4C52}.Debug|Any CPU.ActiveCfg = Debug|Any CPU
		{33FD4823-2536-4A79-8569-487817AC4C52}.Debug|Any CPU.Build.0 = Debug|Any CPU
		{33FD4823-2536-4A79-8569-487817AC4C52}.Release|Any CPU.ActiveCfg = Release|Any CPU
		{33FD4823-2536-4A79-8569-487817AC4C52}.Release|Any CPU.Build.0 = Release|Any CPU
		{3F750230-9009-4369-8657-3CA959B3EFD6}.Debug|Any CPU.ActiveCfg = Debug|Any CPU
		{3F750230-9009-4369-8657-3CA959B3EFD6}.Debug|Any CPU.Build.0 = Debug|Any CPU
		{3F750230-9009-4369-8657-3CA959B3EFD6}.Release|Any CPU.ActiveCfg = Release|Any CPU
		{3F750230-9009-4369-8657-3CA959B3EFD6}.Release|Any CPU.Build.0 = Release|Any CPU
	EndGlobalSection
	GlobalSection(SolutionProperties) = preSolution
		HideSolutionNode = FALSE
	EndGlobalSection
EndGlobal
